
Microsoft Visual Studio Solution File, Format Version 12.00
# Visual Studio Version 16
VisualStudioVersion = 16.0.31019.35
MinimumVisualStudioVersion = 10.0.40219.1
Project("{FAE04EC0-301F-11D3-BF4B-00C04F79EFBC}") = "OK_Task4", "OK_Task4\OK_Task4.csproj", "{0972E6F0-6D97-4FCE-BF7E-F2314B1C9C64}"
EndProject
Global
	GlobalSection(SolutionConfigurationPlatforms) = preSolution
		Debug|Any CPU = Debug|Any CPU
		Release|Any CPU = Release|Any CPU
	EndGlobalSection
	GlobalSection(ProjectConfigurationPlatforms) = postSolution
		{0972E6F0-6D97-4FCE-BF7E-F2314B1C9C64}.Debug|Any CPU.ActiveCfg = Debug|Any CPU
		{0972E6F0-6D97-4FCE-BF7E-F2314B1C9C64}.Debug|Any CPU.Build.0 = Debug|Any CPU
		{0972E6F0-6D97-4FCE-BF7E-F2314B1C9C64}.Release|Any CPU.ActiveCfg = Release|Any CPU
		{0972E6F0-6D97-4FCE-BF7E-F2314B1C9C64}.Release|Any CPU.Build.0 = Release|Any CPU
	EndGlobalSection
	GlobalSection(SolutionProperties) = preSolution
		HideSolutionNode = FALSE
	EndGlobalSection
	GlobalSection(ExtensibilityGlobals) = postSolution
		SolutionGuid = {F50A9DF4-16DF-4B2E-80B4-F8298EC26B98}
	EndGlobalSection
EndGlobal
